
Microsoft Visual Studio Solution File, Format Version 12.00
# Visual Studio 15
VisualStudioVersion = 15.0.27004.2006
MinimumVisualStudioVersion = 10.0.40219.1
Project("{FAE04EC0-301F-11D3-BF4B-00C04F79EFBC}") = "LeagueCoachingHelperPlugin", "LeagueCoachingHelperPlugin\LeagueCoachingHelperPlugin.csproj", "{63BAE033-26F0-4699-BACD-7ACF5E1BA021}"
EndProject
Project("{8BC9CEB8-8B4A-11D0-8D11-00A0C91BC942}") = "LeagueCoachingHelperInterop", "LeagueCoachingHelperInterop\LeagueCoachingHelperInterop.vcxproj", "{5B042A9C-FC8D-4BA8-A9D6-647FA53B1C16}"
EndProject
Global
	GlobalSection(SolutionConfigurationPlatforms) = preSolution
		Debug|x64 = Debug|x64
		Debug|x86 = Debug|x86
		Release|x64 = Release|x64
		Release|x86 = Release|x86
	EndGlobalSection
	GlobalSection(ProjectConfigurationPlatforms) = postSolution
		{63BAE033-26F0-4699-BACD-7ACF5E1BA021}.Debug|x64.ActiveCfg = Debug|x86
		{63BAE033-26F0-4699-BACD-7ACF5E1BA021}.Debug|x86.ActiveCfg = Debug|x86
		{63BAE033-26F0-4699-BACD-7ACF5E1BA021}.Debug|x86.Build.0 = Debug|x86
		{63BAE033-26F0-4699-BACD-7ACF5E1BA021}.Release|x64.ActiveCfg = Release|x86
		{63BAE033-26F0-4699-BACD-7ACF5E1BA021}.Release|x86.ActiveCfg = Release|x86
		{63BAE033-26F0-4699-BACD-7ACF5E1BA021}.Release|x86.Build.0 = Release|x86
		{5B042A9C-FC8D-4BA8-A9D6-647FA53B1C16}.Debug|x64.ActiveCfg = Debug|x64
		{5B042A9C-FC8D-4BA8-A9D6-647FA53B1C16}.Debug|x64.Build.0 = Debug|x64
		{5B042A9C-FC8D-4BA8-A9D6-647FA53B1C16}.Debug|x86.ActiveCfg = Debug|Win32
		{5B042A9C-FC8D-4BA8-A9D6-647FA53B1C16}.Debug|x86.Build.0 = Debug|Win32
		{5B042A9C-FC8D-4BA8-A9D6-647FA53B1C16}.Release|x64.ActiveCfg = Release|x64
		{5B042A9C-FC8D-4BA8-A9D6-647FA53B1C16}.Release|x64.Build.0 = Release|x64
		{5B042A9C-FC8D-4BA8-A9D6-647FA53B1C16}.Release|x86.ActiveCfg = Release|Win32
		{5B042A9C-FC8D-4BA8-A9D6-647FA53B1C16}.Release|x86.Build.0 = Release|Win32
	EndGlobalSection
	GlobalSection(SolutionProperties) = preSolution
		HideSolutionNode = FALSE
	EndGlobalSection
	GlobalSection(ExtensibilityGlobals) = postSolution
		SolutionGuid = {5EF3577B-B290-44AF-8E2B-CE1FF7BC4895}
	EndGlobalSection
EndGlobal
